{
  "name": "expo-sf-symbols",
  "version": "1.0.18",
  "lockfileVersion": 3,
  "requires": true,
  "packages": {
    "": {
      "name": "expo-sf-symbols",
      "version": "1.0.18",
      "license": "ISC",
      "dependencies": {
        "expo-sf-symbols": "^1.0.14"
      }
    },
    "node_modules/expo-sf-symbols": {
      "version": "1.0.14",
      "resolved": "https://registry.npmjs.org/expo-sf-symbols/-/expo-sf-symbols-1.0.14.tgz",
      "integrity": "sha512-nmH/hdoFvdDR/AO4QDqZPlB4sz9r7mSZJODVh55YSSc/SJkEze5SA99Zylr+az7QrDYbU9XnQ+EnBzVH28RooA=="
    }
  }
}
